
Microsoft Visual Studio Solution File, Format Version 12.00
# Visual Studio Version 16
VisualStudioVersion = 16.0.31624.102
MinimumVisualStudioVersion = 10.0.40219.1
Project("{FAE04EC0-301F-11D3-BF4B-00C04F79EFBC}") = "Модификация", "Модификация\Модификация.csproj", "{7872A216-45BE-4D8E-A8E6-FD30CBE9D69A}"
EndProject
Global
	GlobalSection(SolutionConfigurationPlatforms) = preSolution
		Debug|Any CPU = Debug|Any CPU
		Release|Any CPU = Release|Any CPU
	EndGlobalSection
	GlobalSection(ProjectConfigurationPlatforms) = postSolution
		{7872A216-45BE-4D8E-A8E6-FD30CBE9D69A}.Debug|Any CPU.ActiveCfg = Debug|Any CPU
		{7872A216-45BE-4D8E-A8E6-FD30CBE9D69A}.Debug|Any CPU.Build.0 = Debug|Any CPU
		{7872A216-45BE-4D8E-A8E6-FD30CBE9D69A}.Release|Any CPU.ActiveCfg = Release|Any CPU
		{7872A216-45BE-4D8E-A8E6-FD30CBE9D69A}.Release|Any CPU.Build.0 = Release|Any CPU
	EndGlobalSection
	GlobalSection(SolutionProperties) = preSolution
		HideSolutionNode = FALSE
	EndGlobalSection
	GlobalSection(ExtensibilityGlobals) = postSolution
		SolutionGuid = {0AA0B724-38B6-4791-8C39-188C3C8F212C}
	EndGlobalSection
EndGlobal
